
Microsoft Visual Studio Solution File, Format Version 12.00
# Visual Studio 15
VisualStudioVersion = 15.0.28307.1000
MinimumVisualStudioVersion = 10.0.40219.1
Project("{FAE04EC0-301F-11D3-BF4B-00C04F79EFBC}") = "ProjetoAlmoco.Web", "ProjetoAlmoco.Web\ProjetoAlmoco.Web.csproj", "{1813645B-4C29-4502-AAF5-4095C8EAEC4C}"
EndProject
Global
	GlobalSection(SolutionConfigurationPlatforms) = preSolution
		Debug|Any CPU = Debug|Any CPU
		Release|Any CPU = Release|Any CPU
	EndGlobalSection
	GlobalSection(ProjectConfigurationPlatforms) = postSolution
		{1813645B-4C29-4502-AAF5-4095C8EAEC4C}.Debug|Any CPU.ActiveCfg = Debug|Any CPU
		{1813645B-4C29-4502-AAF5-4095C8EAEC4C}.Debug|Any CPU.Build.0 = Debug|Any CPU
		{1813645B-4C29-4502-AAF5-4095C8EAEC4C}.Release|Any CPU.ActiveCfg = Release|Any CPU
		{1813645B-4C29-4502-AAF5-4095C8EAEC4C}.Release|Any CPU.Build.0 = Release|Any CPU
	EndGlobalSection
	GlobalSection(SolutionProperties) = preSolution
		HideSolutionNode = FALSE
	EndGlobalSection
	GlobalSection(ExtensibilityGlobals) = postSolution
		SolutionGuid = {4A91ACB1-27A3-444C-BE09-BA1BA2C86E1B}
	EndGlobalSection
EndGlobal
